// !$*UTF8*$!
{
	archiveVersion = 1;
	classes = {
	};
	objectVersion = 50;
	objects = {

/* Begin PBXBuildFile section */
		373B65F321C20AE700CE9AC3 /* panda.png in Resources */ = {isa = PBXBuildFile; fileRef = 373B65F021C20AE600CE9AC3 /* panda.png */; };
		373B65F421C20AE700CE9AC3 /* sorry.mov in Resources */ = {isa = PBXBuildFile; fileRef = 373B65F121C20AE600CE9AC3 /* sorry.mov */; };
		373B65F521C20AE700CE9AC3 /* VfE_html5.mp4 in Resources */ = {isa = PBXBuildFile; fileRef = 373B65F221C20AE700CE9AC3 /* VfE_html5.mp4 */; };
		374179EA21C0EB8000933E16 /* AppDelegate.swift in Sources */ = {isa = PBXBuildFile; fileRef = 374179E921C0EB8000933E16 /* AppDelegate.swift */; };
		374179EC21C0EB8000933E16 /* ViewController.swift in Sources */ = {isa = PBXBuildFile; fileRef = 374179EB21C0EB8000933E16 /* ViewController.swift */; };
		374179EF21C0EB8000933E16 /* Main.storyboard in Resources */ = {isa = PBXBuildFile; fileRef = 374179ED21C0EB8000933E16 /* Main.storyboard */; };
		374179F121C0EB8100933E16 /* Assets.xcassets in Resources */ = {isa = PBXBuildFile; fileRef = 374179F021C0EB8100933E16 /* Assets.xcassets */; };
		374179F421C0EB8100933E16 /* LaunchScreen.storyboard in Resources */ = {isa = PBXBuildFile; fileRef = 374179F221C0EB8100933E16 /* LaunchScreen.storyboard */; };
		65ACFFA48FC9228E93898B17 /* Pods_ShareExtension.framework in Frameworks */ = {isa = PBXBuildFile; fileRef = 9B2AFAC035A5C25453653459 /* Pods_ShareExtension.framework */; };
/* End PBXBuildFile section */

/* Begin PBXCopyFilesBuildPhase section */
		37417A0D21C0EDF000933E16 /* Embed App Extensions */ = {
			isa = PBXCopyFilesBuildPhase;
			buildActionMask = 2147483647;
			dstPath = "";
			dstSubfolderSpec = 13;
			files = (
			);
			name = "Embed App Extensions";
			runOnlyForDeploymentPostprocessing = 0;
		};
/* End PBXCopyFilesBuildPhase section */

/* Begin PBXFileReference section */
		15B5188377E9E7689F4ECDAC /* Pods-ShareExtension.debug.xcconfig */ = {isa = PBXFileReference; includeInIndex = 1; lastKnownFileType = text.xcconfig; name = "Pods-ShareExtension.debug.xcconfig"; path = "Pods/Target Support Files/Pods-ShareExtension/Pods-ShareExtension.debug.xcconfig"; sourceTree = "<group>"; };
		373B65F021C20AE600CE9AC3 /* panda.png */ = {isa = PBXFileReference; lastKnownFileType = image.png; path = panda.png; sourceTree = "<group>"; };
		373B65F121C20AE600CE9AC3 /* sorry.mov */ = {isa = PBXFileReference; lastKnownFileType = video.quicktime; path = sorry.mov; sourceTree = "<group>"; };
		373B65F221C20AE700CE9AC3 /* VfE_html5.mp4 */ = {isa = PBXFileReference; lastKnownFileType = file; path = VfE_html5.mp4; sourceTree = "<group>"; };
		374179E621C0EB7F00933E16 /* ShareExtension.app */ = {isa = PBXFileReference; explicitFileType = wrapper.application; includeInIndex = 0; path = ShareExtension.app; sourceTree = BUILT_PRODUCTS_DIR; };
		374179E921C0EB8000933E16 /* AppDelegate.swift */ = {isa = PBXFileReference; lastKnownFileType = sourcecode.swift; path = AppDelegate.swift; sourceTree = "<group>"; };
		374179EB21C0EB8000933E16 /* ViewController.swift */ = {isa = PBXFileReference; lastKnownFileType = sourcecode.swift; path = ViewController.swift; sourceTree = "<group>"; };
		374179EE21C0EB8000933E16 /* Base */ = {isa = PBXFileReference; lastKnownFileType = file.storyboard; name = Base; path = Base.lproj/Main.storyboard; sourceTree = "<group>"; };
		374179F021C0EB8100933E16 /* Assets.xcassets */ = {isa = PBXFileReference; lastKnownFileType = folder.assetcatalog; path = Assets.xcassets; sourceTree = "<group>"; };
		374179F321C0EB8100933E16 /* Base */ = {isa = PBXFileReference; lastKnownFileType = file.storyboard; name = Base; path = Base.lproj/LaunchScreen.storyboard; sourceTree = "<group>"; };
		374179F521C0EB8100933E16 /* Info.plist */ = {isa = PBXFileReference; lastKnownFileType = text.plist.xml; path = Info.plist; sourceTree = "<group>"; };
		9B2AFAC035A5C25453653459 /* Pods_ShareExtension.framework */ = {isa = PBXFileReference; explicitFileType = wrapper.framework; includeInIndex = 0; path = Pods_ShareExtension.framework; sourceTree = BUILT_PRODUCTS_DIR; };
		D33E0305471E6CE16EF387CE /* Pods-ShareExtension.release.xcconfig */ = {isa = PBXFileReference; includeInIndex = 1; lastKnownFileType = text.xcconfig; name = "Pods-ShareExtension.release.xcconfig"; path = "Pods/Target Support Files/Pods-ShareExtension/Pods-ShareExtension.release.xcconfig"; sourceTree = "<group>"; };
/* End PBXFileReference section */

/* Begin PBXFrameworksBuildPhase section */
		374179E321C0EB7F00933E16 /* Frameworks */ = {
			isa = PBXFrameworksBuildPhase;
			buildActionMask = 2147483647;
			files = (
				65ACFFA48FC9228E93898B17 /* Pods_ShareExtension.framework in Frameworks */,
			);
			runOnlyForDeploymentPostprocessing = 0;
		};
/* End PBXFrameworksBuildPhase section */

/* Begin PBXGroup section */
		1AE7960F4BE6F2EAA46E9848 /* Frameworks */ = {
			isa = PBXGroup;
			children = (
				9B2AFAC035A5C25453653459 /* Pods_ShareExtension.framework */,
			);
			name = Frameworks;
			sourceTree = "<group>";
		};
		373B65EF21C20AD900CE9AC3 /* Media */ = {
			isa = PBXGroup;
			children = (
				373B65F221C20AE700CE9AC3 /* VfE_html5.mp4 */,
				373B65F021C20AE600CE9AC3 /* panda.png */,
				373B65F121C20AE600CE9AC3 /* sorry.mov */,
			);
			path = Media;
			sourceTree = "<group>";
		};
		374179DD21C0EB7F00933E16 = {
			isa = PBXGroup;
			children = (
				374179E821C0EB7F00933E16 /* ShareExtension */,
				374179E721C0EB7F00933E16 /* Products */,
				F23AD4CE0E8427ED61768F31 /* Pods */,
				1AE7960F4BE6F2EAA46E9848 /* Frameworks */,
			);
			sourceTree = "<group>";
		};
		374179E721C0EB7F00933E16 /* Products */ = {
			isa = PBXGroup;
			children = (
				374179E621C0EB7F00933E16 /* ShareExtension.app */,
			);
			name = Products;
			sourceTree = "<group>";
		};
		374179E821C0EB7F00933E16 /* ShareExtension */ = {
			isa = PBXGroup;
			children = (
				373B65EF21C20AD900CE9AC3 /* Media */,
				374179E921C0EB8000933E16 /* AppDelegate.swift */,
				374179EB21C0EB8000933E16 /* ViewController.swift */,
				374179ED21C0EB8000933E16 /* Main.storyboard */,
				374179F021C0EB8100933E16 /* Assets.xcassets */,
				374179F221C0EB8100933E16 /* LaunchScreen.storyboard */,
				374179F521C0EB8100933E16 /* Info.plist */,
			);
			path = ShareExtension;
			sourceTree = "<group>";
		};
		F23AD4CE0E8427ED61768F31 /* Pods */ = {
			isa = PBXGroup;
			children = (
				15B5188377E9E7689F4ECDAC /* Pods-ShareExtension.debug.xcconfig */,
				D33E0305471E6CE16EF387CE /* Pods-ShareExtension.release.xcconfig */,
			);
			name = Pods;
			sourceTree = "<group>";
		};
/* End PBXGroup section */

/* Begin PBXNativeTarget section */
		374179E521C0EB7F00933E16 /* ShareExtension */ = {
			isa = PBXNativeTarget;
			buildConfigurationList = 374179F821C0EB8100933E16 /* Build configuration list for PBXNativeTarget "ShareExtension" */;
			buildPhases = (
				7E5876CF79915EFC24462D16 /* [CP] Check Pods Manifest.lock */,
				374179E221C0EB7F00933E16 /* Sources */,
				374179E321C0EB7F00933E16 /* Frameworks */,
				374179E421C0EB7F00933E16 /* Resources */,
				37417A0D21C0EDF000933E16 /* Embed App Extensions */,
			);
			buildRules = (
			);
			dependencies = (
			);
			name = ShareExtension;
			productName = ShareExtension;
			productReference = 374179E621C0EB7F00933E16 /* ShareExtension.app */;
			productType = "com.apple.product-type.application";
		};
/* End PBXNativeTarget section */

/* Begin PBXProject section */
		374179DE21C0EB7F00933E16 /* Project object */ = {
			isa = PBXProject;
			attributes = {
				LastSwiftUpdateCheck = 1010;
				LastUpgradeCheck = 1010;
				ORGANIZATIONNAME = "Hoang Le";
				TargetAttributes = {
					374179E521C0EB7F00933E16 = {
						CreatedOnToolsVersion = 10.1;
						SystemCapabilities = {
							com.apple.ApplicationGroups.iOS = {
								enabled = 0;
							};
						};
					};
				};
			};
			buildConfigurationList = 374179E121C0EB7F00933E16 /* Build configuration list for PBXProject "ShareExtension" */;
			compatibilityVersion = "Xcode 9.3";
			developmentRegion = en;
			hasScannedForEncodings = 0;
			knownRegions = (
				en,
				Base,
			);
			mainGroup = 374179DD21C0EB7F00933E16;
			productRefGroup = 374179E721C0EB7F00933E16 /* Products */;
			projectDirPath = "";
			projectRoot = "";
			targets = (
				374179E521C0EB7F00933E16 /* ShareExtension */,
			);
		};
/* End PBXProject section */

/* Begin PBXResourcesBuildPhase section */
		374179E421C0EB7F00933E16 /* Resources */ = {
			isa = PBXResourcesBuildPhase;
			buildActionMask = 2147483647;
			files = (
				373B65F321C20AE700CE9AC3 /* panda.png in Resources */,
				374179F421C0EB8100933E16 /* LaunchScreen.storyboard in Resources */,
				373B65F421C20AE700CE9AC3 /* sorry.mov in Resources */,
				374179F121C0EB8100933E16 /* Assets.xcassets in Resources */,
				373B65F521C20AE700CE9AC3 /* VfE_html5.mp4 in Resources */,
				374179EF21C0EB8000933E16 /* Main.storyboard in Resources */,
			);
			runOnlyForDeploymentPostprocessing = 0;
		};
/* End PBXResourcesBuildPhase section */

/* Begin PBXShellScriptBuildPhase section */
		7E5876CF79915EFC24462D16 /* [CP] Check Pods Manifest.lock */ = {
			isa = PBXShellScriptBuildPhase;
			buildActionMask = 2147483647;
			files = (
			);
			inputFileListPaths = (
			);
			inputPaths = (
				"${PODS_PODFILE_DIR_PATH}/Podfile.lock",
				"${PODS_ROOT}/Manifest.lock",
			);
			name = "[CP] Check Pods Manifest.lock";
			outputFileListPaths = (
			);
			outputPaths = (
				"$(DERIVED_FILE_DIR)/Pods-ShareExtension-checkManifestLockResult.txt",
			);
			runOnlyForDeploymentPostprocessing = 0;
			shellPath = /bin/sh;
			shellScript = "diff \"${PODS_PODFILE_DIR_PATH}/Podfile.lock\" \"${PODS_ROOT}/Manifest.lock\" > /dev/null\nif [ $? != 0 ] ; then\n    # print error to STDERR\n    echo \"error: The sandbox is not in sync with the Podfile.lock. Run 'pod install' or update your CocoaPods installation.\" >&2\n    exit 1\nfi\n# This output is used by Xcode 'outputs' to avoid re-running this script phase.\necho \"SUCCESS\" > \"${SCRIPT_OUTPUT_FILE_0}\"\n";
			showEnvVarsInLog = 0;
		};
/* End PBXShellScriptBuildPhase section */

/* Begin PBXSourcesBuildPhase section */
		374179E221C0EB7F00933E16 /* Sources */ = {
			isa = PBXSourcesBuildPhase;
			buildActionMask = 2147483647;
			files = (
				374179EC21C0EB8000933E16 /* ViewController.swift in Sources */,
				374179EA21C0EB8000933E16 /* AppDelegate.swift in Sources */,
			);
			runOnlyForDeploymentPostprocessing = 0;
		};
/* End PBXSourcesBuildPhase section */

/* Begin PBXVariantGroup section */
		374179ED21C0EB8000933E16 /* Main.storyboard */ = {
			isa = PBXVariantGroup;
			children = (
				374179EE21C0EB8000933E16 /* Base */,
			);
			name = Main.storyboard;
			sourceTree = "<group>";
		};
		374179F221C0EB8100933E16 /* LaunchScreen.storyboard */ = {
			isa = PBXVariantGroup;
			children = (
				374179F321C0EB8100933E16 /* Base */,
			);
			name = LaunchScreen.storyboard;
			sourceTree = "<group>";
		};
/* End PBXVariantGroup section */

/* Begin XCBuildConfiguration section */
		374179F621C0EB8100933E16 /* Debug */ = {
			isa = XCBuildConfiguration;
			buildSettings = {
				ALWAYS_SEARCH_USER_PATHS = NO;
				CLANG_ANALYZER_NONNULL = YES;
				CLANG_ANALYZER_NUMBER_OBJECT_CONVERSION = YES_AGGRESSIVE;
				CLANG_CXX_LANGUAGE_STANDARD = "gnu++14";
				CLANG_CXX_LIBRARY = "libc++";
				CLANG_ENABLE_MODULES = YES;
				CLANG_ENABLE_OBJC_ARC = YES;
				CLANG_ENABLE_OBJC_WEAK = YES;
				CLANG_WARN_BLOCK_CAPTURE_AUTORELEASING = YES;
				CLANG_WARN_BOOL_CONVERSION = YES;
				CLANG_WARN_COMMA = YES;
				CLANG_WARN_CONSTANT_CONVERSION = YES;
				CLANG_WARN_DEPRECATED_OBJC_IMPLEMENTATIONS = YES;
				CLANG_WARN_DIRECT_OBJC_ISA_USAGE = YES_ERROR;
				CLANG_WARN_DOCUMENTATION_COMMENTS = YES;
				CLANG_WARN_EMPTY_BODY = YES;
				CLANG_WARN_ENUM_CONVERSION = YES;
				CLANG_WARN_INFINITE_RECURSION = YES;
				CLANG_WARN_INT_CONVERSION = YES;
				CLANG_WARN_NON_LITERAL_NULL_CONVERSION = YES;
				CLANG_WARN_OBJC_IMPLICIT_RETAIN_SELF = YES;
				CLANG_WARN_OBJC_LITERAL_CONVERSION = YES;
				CLANG_WARN_OBJC_ROOT_CLASS = YES_ERROR;
				CLANG_WARN_RANGE_LOOP_ANALYSIS = YES;
				CLANG_WARN_STRICT_PROTOTYPES = YES;
				CLANG_WARN_SUSPICIOUS_MOVE = YES;
				CLANG_WARN_UNGUARDED_AVAILABILITY = YES_AGGRESSIVE;
				CLANG_WARN_UNREACHABLE_CODE = YES;
				CLANG_WARN__DUPLICATE_METHOD_MATCH = YES;
				CODE_SIGN_IDENTITY = "iPhone Developer";
				COPY_PHASE_STRIP = NO;
				DEBUG_INFORMATION_FORMAT = dwarf;
				ENABLE_STRICT_OBJC_MSGSEND = YES;
				ENABLE_TESTABILITY = YES;
				GCC_C_LANGUAGE_STANDARD = gnu11;
				GCC_DYNAMIC_NO_PIC = NO;
				GCC_NO_COMMON_BLOCKS = YES;
				GCC_OPTIMIZATION_LEVEL = 0;
				GCC_PREPROCESSOR_DEFINITIONS = (
					"DEBUG=1",
					"$(inherited)",
				);
				GCC_WARN_64_TO_32_BIT_CONVERSION = YES;
				GCC_WARN_ABOUT_RETURN_TYPE = YES_ERROR;
				GCC_WARN_UNDECLARED_SELECTOR = YES;
				GCC_WARN_UNINITIALIZED_AUTOS = YES_AGGRESSIVE;
				GCC_WARN_UNUSED_FUNCTION = YES;
				GCC_WARN_UNUSED_VARIABLE = YES;
				IPHONEOS_DEPLOYMENT_TARGET = 12.1;
				MTL_ENABLE_DEBUG_INFO = INCLUDE_SOURCE;
				MTL_FAST_MATH = YES;
				ONLY_ACTIVE_ARCH = YES;
				SDKROOT = iphoneos;
				SWIFT_ACTIVE_COMPILATION_CONDITIONS = DEBUG;
				SWIFT_OPTIMIZATION_LEVEL = "-Onone";
			};
			name = Debug;
		};
		374179F721C0EB8100933E16 /* Release */ = {
			isa = XCBuildConfiguration;
			buildSettings = {
				ALWAYS_SEARCH_USER_PATHS = NO;
				CLANG_ANALYZER_NONNULL = YES;
				CLANG_ANALYZER_NUMBER_OBJECT_CONVERSION = YES_AGGRESSIVE;
				CLANG_CXX_LANGUAGE_STANDARD = "gnu++14";
				CLANG_CXX_LIBRARY = "libc++";
				CLANG_ENABLE_MODULES = YES;
				CLANG_ENABLE_OBJC_ARC = YES;
				CLANG_ENABLE_OBJC_WEAK = YES;
				CLANG_WARN_BLOCK_CAPTURE_AUTORELEASING = YES;
				CLANG_WARN_BOOL_CONVERSION = YES;
				CLANG_WARN_COMMA = YES;
				CLANG_WARN_CONSTANT_CONVERSION = YES;
				CLANG_WARN_DEPRECATED_OBJC_IMPLEMENTATIONS = YES;
				CLANG_WARN_DIRECT_OBJC_ISA_USAGE = YES_ERROR;
				CLANG_WARN_DOCUMENTATION_COMMENTS = YES;
				CLANG_WARN_EMPTY_BODY = YES;
				CLANG_WARN_ENUM_CONVERSION = YES;
				CLANG_WARN_INFINITE_RECURSION = YES;
				CLANG_WARN_INT_CONVERSION = YES;
				CLANG_WARN_NON_LITERAL_NULL_CONVERSION = YES;
				CLANG_WARN_OBJC_IMPLICIT_RETAIN_SELF = YES;
				CLANG_WARN_OBJC_LITERAL_CONVERSION = YES;
				CLANG_WARN_OBJC_ROOT_CLASS = YES_ERROR;
				CLANG_WARN_RANGE_LOOP_ANALYSIS = YES;
				CLANG_WARN_STRICT_PROTOTYPES = YES;
				CLANG_WARN_SUSPICIOUS_MOVE = YES;
				CLANG_WARN_UNGUARDED_AVAILABILITY = YES_AGGRESSIVE;
				CLANG_WARN_UNREACHABLE_CODE = YES;
				CLANG_WARN__DUPLICATE_METHOD_MATCH = YES;
				CODE_SIGN_IDENTITY = "iPhone Developer";
				COPY_PHASE_STRIP = NO;
				DEBUG_INFORMATION_FORMAT = "dwarf-with-dsym";
				ENABLE_NS_ASSERTIONS = NO;
				ENABLE_STRICT_OBJC_MSGSEND = YES;
				GCC_C_LANGUAGE_STANDARD = gnu11;
				GCC_NO_COMMON_BLOCKS = YES;
				GCC_WARN_64_TO_32_BIT_CONVERSION = YES;
				GCC_WARN_ABOUT_RETURN_TYPE = YES_ERROR;
				GCC_WARN_UNDECLARED_SELECTOR = YES;
				GCC_WARN_UNINITIALIZED_AUTOS = YES_AGGRESSIVE;
				GCC_WARN_UNUSED_FUNCTION = YES;
				GCC_WARN_UNUSED_VARIABLE = YES;
				IPHONEOS_DEPLOYMENT_TARGET = 12.1;
				MTL_ENABLE_DEBUG_INFO = NO;
				MTL_FAST_MATH = YES;
				SDKROOT = iphoneos;
				SWIFT_COMPILATION_MODE = wholemodule;
				SWIFT_OPTIMIZATION_LEVEL = "-O";
				VALIDATE_PRODUCT = YES;
			};
			name = Release;
		};
		374179F921C0EB8100933E16 /* Debug */ = {
			isa = XCBuildConfiguration;
			baseConfigurationReference = 15B5188377E9E7689F4ECDAC /* Pods-ShareExtension.debug.xcconfig */;
			buildSettings = {
				ASSETCATALOG_COMPILER_APPICON_NAME = AppIcon;
				CODE_SIGN_STYLE = Automatic;
				DEVELOPMENT_TEAM = CB7NDRZY49;
				INFOPLIST_FILE = ShareExtension/Info.plist;
				LD_RUNPATH_SEARCH_PATHS = (
					"$(inherited)",
					"@executable_path/Frameworks",
				);
				PRODUCT_BUNDLE_IDENTIFIER = demo.hello.ShareExtension;
				PRODUCT_NAME = "$(TARGET_NAME)";
				SWIFT_VERSION = 4.2;
				TARGETED_DEVICE_FAMILY = "1,2";
			};
			name = Debug;
		};
		374179FA21C0EB8100933E16 /* Release */ = {
			isa = XCBuildConfiguration;
			baseConfigurationReference = D33E0305471E6CE16EF387CE /* Pods-ShareExtension.release.xcconfig */;
			buildSettings = {
				ASSETCATALOG_COMPILER_APPICON_NAME = AppIcon;
				CODE_SIGN_STYLE = Automatic;
				DEVELOPMENT_TEAM = CB7NDRZY49;
				INFOPLIST_FILE = ShareExtension/Info.plist;
				LD_RUNPATH_SEARCH_PATHS = (
					"$(inherited)",
					"@executable_path/Frameworks",
				);
				PRODUCT_BUNDLE_IDENTIFIER = demo.hello.ShareExtension;
				PRODUCT_NAME = "$(TARGET_NAME)";
				SWIFT_VERSION = 4.2;
				TARGETED_DEVICE_FAMILY = "1,2";
			};
			name = Release;
		};
/* End XCBuildConfiguration section */

/* Begin XCConfigurationList section */
		374179E121C0EB7F00933E16 /* Build configuration list for PBXProject "ShareExtension" */ = {
			isa = XCConfigurationList;
			buildConfigurations = (
				374179F621C0EB8100933E16 /* Debug */,
				374179F721C0EB8100933E16 /* Release */,
			);
			defaultConfigurationIsVisible = 0;
			defaultConfigurationName = Release;
		};
		374179F821C0EB8100933E16 /* Build configuration list for PBXNativeTarget "ShareExtension" */ = {
			isa = XCConfigurationList;
			buildConfigurations = (
				374179F921C0EB8100933E16 /* Debug */,
				374179FA21C0EB8100933E16 /* Release */,
			);
			defaultConfigurationIsVisible = 0;
			defaultConfigurationName = Release;
		};
/* End XCConfigurationList section */
	};
	rootObject = 374179DE21C0EB7F00933E16 /* Project object */;
}
